
Microsoft Visual Studio Solution File, Format Version 12.00
Project("{2150E333-8FDC-42A3-9474-1A3956D46DE8}") = "API Gateway", "API Gateway", "{11F6211F-B58F-454B-BDD5-0C6E42F90ECB}"
EndProject
Project("{FAE04EC0-301F-11D3-BF4B-00C04F79EFBC}") = "Yarp API Gateway", "Yarp API Gateway\Yarp API Gateway.csproj", "{368BA549-AE47-41F3-B988-E86B8CC1FA60}"
EndProject
Project("{2150E333-8FDC-42A3-9474-1A3956D46DE8}") = "InfrastractureService", "InfrastractureService", "{2AFF3668-2587-430B-A92D-04A334D8CBCD}"
EndProject
Project("{2150E333-8FDC-42A3-9474-1A3956D46DE8}") = "Domain", "Domain", "{C1D85D56-CDF2-463F-AA93-8DCD6F2BEC63}"
EndProject
Project("{2150E333-8FDC-42A3-9474-1A3956D46DE8}") = "Application", "Application", "{DC6F3EE7-62A2-4D2A-8ACC-71FDAE16630E}"
EndProject
Project("{2150E333-8FDC-42A3-9474-1A3956D46DE8}") = "Infrastructure", "Infrastructure", "{096231C7-E5FC-45E9-8004-58DBBDDA890E}"
EndProject
Project("{2150E333-8FDC-42A3-9474-1A3956D46DE8}") = "Presentation", "Presentation", "{B6F5E707-A2D0-4F3E-A366-21C768F7D669}"
EndProject
Project("{FAE04EC0-301F-11D3-BF4B-00C04F79EFBC}") = "Infrastracture.Domain", "Infrastracture.Domain\Infrastracture.Domain.csproj", "{F2598D79-9F0A-4DF4-BE37-61F101CD81D5}"
EndProject
Project("{FAE04EC0-301F-11D3-BF4B-00C04F79EFBC}") = "Infrastracture.Infrastracture", "Infrastracture.Infrastracture\Infrastracture.Infrastracture.csproj", "{804EDFFB-F0D6-4842-A2F7-31AFDD58A11D}"
EndProject
Project("{FAE04EC0-301F-11D3-BF4B-00C04F79EFBC}") = "Infrastracture.Application", "Infrastracture.Application\Infrastracture.Application.csproj", "{FAA76909-9072-451C-8D62-91C3BB77C772}"
EndProject
Project("{FAE04EC0-301F-11D3-BF4B-00C04F79EFBC}") = "Infrastracture.WebApi", "Infrastracture.WebApi\Infrastracture.WebApi.csproj", "{0807E717-A06C-47FB-B246-5C1F14D1E9B5}"
EndProject
Global
	GlobalSection(SolutionConfigurationPlatforms) = preSolution
		Debug|Any CPU = Debug|Any CPU
		Release|Any CPU = Release|Any CPU
	EndGlobalSection
	GlobalSection(ProjectConfigurationPlatforms) = postSolution
		{368BA549-AE47-41F3-B988-E86B8CC1FA60}.Debug|Any CPU.ActiveCfg = Debug|Any CPU
		{368BA549-AE47-41F3-B988-E86B8CC1FA60}.Debug|Any CPU.Build.0 = Debug|Any CPU
		{368BA549-AE47-41F3-B988-E86B8CC1FA60}.Release|Any CPU.ActiveCfg = Release|Any CPU
		{368BA549-AE47-41F3-B988-E86B8CC1FA60}.Release|Any CPU.Build.0 = Release|Any CPU
		{F2598D79-9F0A-4DF4-BE37-61F101CD81D5}.Debug|Any CPU.ActiveCfg = Debug|Any CPU
		{F2598D79-9F0A-4DF4-BE37-61F101CD81D5}.Debug|Any CPU.Build.0 = Debug|Any CPU
		{F2598D79-9F0A-4DF4-BE37-61F101CD81D5}.Release|Any CPU.ActiveCfg = Release|Any CPU
		{F2598D79-9F0A-4DF4-BE37-61F101CD81D5}.Release|Any CPU.Build.0 = Release|Any CPU
		{804EDFFB-F0D6-4842-A2F7-31AFDD58A11D}.Debug|Any CPU.ActiveCfg = Debug|Any CPU
		{804EDFFB-F0D6-4842-A2F7-31AFDD58A11D}.Debug|Any CPU.Build.0 = Debug|Any CPU
		{804EDFFB-F0D6-4842-A2F7-31AFDD58A11D}.Release|Any CPU.ActiveCfg = Release|Any CPU
		{804EDFFB-F0D6-4842-A2F7-31AFDD58A11D}.Release|Any CPU.Build.0 = Release|Any CPU
		{FAA76909-9072-451C-8D62-91C3BB77C772}.Debug|Any CPU.ActiveCfg = Debug|Any CPU
		{FAA76909-9072-451C-8D62-91C3BB77C772}.Debug|Any CPU.Build.0 = Debug|Any CPU
		{FAA76909-9072-451C-8D62-91C3BB77C772}.Release|Any CPU.ActiveCfg = Release|Any CPU
		{FAA76909-9072-451C-8D62-91C3BB77C772}.Release|Any CPU.Build.0 = Release|Any CPU
		{0807E717-A06C-47FB-B246-5C1F14D1E9B5}.Debug|Any CPU.ActiveCfg = Debug|Any CPU
		{0807E717-A06C-47FB-B246-5C1F14D1E9B5}.Debug|Any CPU.Build.0 = Debug|Any CPU
		{0807E717-A06C-47FB-B246-5C1F14D1E9B5}.Release|Any CPU.ActiveCfg = Release|Any CPU
		{0807E717-A06C-47FB-B246-5C1F14D1E9B5}.Release|Any CPU.Build.0 = Release|Any CPU
	EndGlobalSection
	GlobalSection(NestedProjects) = preSolution
		{368BA549-AE47-41F3-B988-E86B8CC1FA60} = {11F6211F-B58F-454B-BDD5-0C6E42F90ECB}
		{C1D85D56-CDF2-463F-AA93-8DCD6F2BEC63} = {2AFF3668-2587-430B-A92D-04A334D8CBCD}
		{DC6F3EE7-62A2-4D2A-8ACC-71FDAE16630E} = {2AFF3668-2587-430B-A92D-04A334D8CBCD}
		{096231C7-E5FC-45E9-8004-58DBBDDA890E} = {2AFF3668-2587-430B-A92D-04A334D8CBCD}
		{B6F5E707-A2D0-4F3E-A366-21C768F7D669} = {2AFF3668-2587-430B-A92D-04A334D8CBCD}
		{F2598D79-9F0A-4DF4-BE37-61F101CD81D5} = {C1D85D56-CDF2-463F-AA93-8DCD6F2BEC63}
		{804EDFFB-F0D6-4842-A2F7-31AFDD58A11D} = {096231C7-E5FC-45E9-8004-58DBBDDA890E}
		{FAA76909-9072-451C-8D62-91C3BB77C772} = {DC6F3EE7-62A2-4D2A-8ACC-71FDAE16630E}
		{0807E717-A06C-47FB-B246-5C1F14D1E9B5} = {B6F5E707-A2D0-4F3E-A366-21C768F7D669}
	EndGlobalSection
EndGlobal
